
Microsoft Visual Studio Solution File, Format Version 12.00
# Visual Studio Version 16
VisualStudioVersion = 16.0.29020.237
MinimumVisualStudioVersion = 10.0.40219.1
Project("{FAE04EC0-301F-11D3-BF4B-00C04F79EFBC}") = "FitafeAPI", "FitafeAPI\FitafeAPI.csproj", "{23E1DDF0-8081-4EE5-B13F-79E5ED605DCB}"
EndProject
Global
	GlobalSection(SolutionConfigurationPlatforms) = preSolution
		Debug|Any CPU = Debug|Any CPU
		Release|Any CPU = Release|Any CPU
	EndGlobalSection
	GlobalSection(ProjectConfigurationPlatforms) = postSolution
		{23E1DDF0-8081-4EE5-B13F-79E5ED605DCB}.Debug|Any CPU.ActiveCfg = Debug|Any CPU
		{23E1DDF0-8081-4EE5-B13F-79E5ED605DCB}.Debug|Any CPU.Build.0 = Debug|Any CPU
		{23E1DDF0-8081-4EE5-B13F-79E5ED605DCB}.Release|Any CPU.ActiveCfg = Release|Any CPU
		{23E1DDF0-8081-4EE5-B13F-79E5ED605DCB}.Release|Any CPU.Build.0 = Release|Any CPU
	EndGlobalSection
	GlobalSection(SolutionProperties) = preSolution
		HideSolutionNode = FALSE
	EndGlobalSection
	GlobalSection(ExtensibilityGlobals) = postSolution
		SolutionGuid = {C7F691A5-6214-48AC-89BA-4A2C0CE3573D}
	EndGlobalSection
EndGlobal
